
Microsoft Visual Studio Solution File, Format Version 12.00
# Visual Studio Version 16
VisualStudioVersion = 16.0.30523.141
MinimumVisualStudioVersion = 10.0.40219.1
Project("{FAE04EC0-301F-11D3-BF4B-00C04F79EFBC}") = "Rene2020", "Rene2020\Rene2020.csproj", "{45CE16B5-6EB6-44FD-B45C-5A13BD1A2A66}"
EndProject
Global
	GlobalSection(SolutionConfigurationPlatforms) = preSolution
		Debug|Any CPU = Debug|Any CPU
		Release|Any CPU = Release|Any CPU
	EndGlobalSection
	GlobalSection(ProjectConfigurationPlatforms) = postSolution
		{45CE16B5-6EB6-44FD-B45C-5A13BD1A2A66}.Debug|Any CPU.ActiveCfg = Debug|Any CPU
		{45CE16B5-6EB6-44FD-B45C-5A13BD1A2A66}.Debug|Any CPU.Build.0 = Debug|Any CPU
		{45CE16B5-6EB6-44FD-B45C-5A13BD1A2A66}.Release|Any CPU.ActiveCfg = Release|Any CPU
		{45CE16B5-6EB6-44FD-B45C-5A13BD1A2A66}.Release|Any CPU.Build.0 = Release|Any CPU
	EndGlobalSection
	GlobalSection(SolutionProperties) = preSolution
		HideSolutionNode = FALSE
	EndGlobalSection
	GlobalSection(ExtensibilityGlobals) = postSolution
		SolutionGuid = {7744727D-D536-4400-9A9F-10EB868C0ABB}
	EndGlobalSection
EndGlobal
